
Microsoft Visual Studio Solution File, Format Version 12.00
# Visual Studio Version 16
VisualStudioVersion = 16.0.29418.71
MinimumVisualStudioVersion = 10.0.40219.1
Project("{9A19103F-16F7-4668-BE54-9A1E7A4F7556}") = "InternetBanking", "InternetBanking.csproj", "{BFDDEE43-1E09-4BDF-A8A3-2177D328D343}"
EndProject
Global
	GlobalSection(SolutionConfigurationPlatforms) = preSolution
		Debug|Any CPU = Debug|Any CPU
		Release|Any CPU = Release|Any CPU
	EndGlobalSection
	GlobalSection(ProjectConfigurationPlatforms) = postSolution
		{BFDDEE43-1E09-4BDF-A8A3-2177D328D343}.Debug|Any CPU.ActiveCfg = Debug|Any CPU
		{BFDDEE43-1E09-4BDF-A8A3-2177D328D343}.Debug|Any CPU.Build.0 = Debug|Any CPU
		{BFDDEE43-1E09-4BDF-A8A3-2177D328D343}.Release|Any CPU.ActiveCfg = Release|Any CPU
		{BFDDEE43-1E09-4BDF-A8A3-2177D328D343}.Release|Any CPU.Build.0 = Release|Any CPU
	EndGlobalSection
	GlobalSection(SolutionProperties) = preSolution
		HideSolutionNode = FALSE
	EndGlobalSection
	GlobalSection(ExtensibilityGlobals) = postSolution
		SolutionGuid = {4D149F5B-5D93-4200-B056-504263C52D52}
	EndGlobalSection
EndGlobal
